
Microsoft Visual Studio Solution File, Format Version 12.00
# Visual Studio Version 17
VisualStudioVersion = 17.11.35327.3
MinimumVisualStudioVersion = 10.0.40219.1
Project("{FAE04EC0-301F-11D3-BF4B-00C04F79EFBC}") = "ONG ANIMALES V4", "ONG ANIMALES V4\ONG ANIMALES V4.csproj", "{9C4BD17A-BDA1-41CF-A3A9-DA9716B6272A}"
EndProject
Global
	GlobalSection(SolutionConfigurationPlatforms) = preSolution
		Debug|Any CPU = Debug|Any CPU
		Release|Any CPU = Release|Any CPU
	EndGlobalSection
	GlobalSection(ProjectConfigurationPlatforms) = postSolution
		{9C4BD17A-BDA1-41CF-A3A9-DA9716B6272A}.Debug|Any CPU.ActiveCfg = Debug|Any CPU
		{9C4BD17A-BDA1-41CF-A3A9-DA9716B6272A}.Debug|Any CPU.Build.0 = Debug|Any CPU
		{9C4BD17A-BDA1-41CF-A3A9-DA9716B6272A}.Release|Any CPU.ActiveCfg = Release|Any CPU
		{9C4BD17A-BDA1-41CF-A3A9-DA9716B6272A}.Release|Any CPU.Build.0 = Release|Any CPU
	EndGlobalSection
	GlobalSection(SolutionProperties) = preSolution
		HideSolutionNode = FALSE
	EndGlobalSection
	GlobalSection(ExtensibilityGlobals) = postSolution
		SolutionGuid = {5DC71A31-897B-402E-A41E-02D3E442963B}
	EndGlobalSection
EndGlobal
